// !$*UTF8*$!
{
	archiveVersion = 1;
	classes = {
	};
	objectVersion = 50;
	objects = {

/* Begin PBXBuildFile section */
		2D4D37496647C38BC3412FAD /* Pods_Todoey.framework in Frameworks */ = {isa = PBXBuildFile; fileRef = 1348F511FFE4C395EE260CC8 /* Pods_Todoey.framework */; };
		D227FBE723A80D3D00D5E102 /* AppDelegate.swift in Sources */ = {isa = PBXBuildFile; fileRef = D227FBE623A80D3D00D5E102 /* AppDelegate.swift */; };
		D227FBE923A80D3D00D5E102 /* TodoeyListController.swift in Sources */ = {isa = PBXBuildFile; fileRef = D227FBE823A80D3D00D5E102 /* TodoeyListController.swift */; };
		D227FBEC23A80D3D00D5E102 /* Main.storyboard in Resources */ = {isa = PBXBuildFile; fileRef = D227FBEA23A80D3D00D5E102 /* Main.storyboard */; };
		D227FBEE23A80D3F00D5E102 /* Assets.xcassets in Resources */ = {isa = PBXBuildFile; fileRef = D227FBED23A80D3F00D5E102 /* Assets.xcassets */; };
		D227FBF123A80D3F00D5E102 /* LaunchScreen.storyboard in Resources */ = {isa = PBXBuildFile; fileRef = D227FBEF23A80D3F00D5E102 /* LaunchScreen.storyboard */; };
		D227FBFC23A833A700D5E102 /* TodoItemModel.swift in Sources */ = {isa = PBXBuildFile; fileRef = D227FBFB23A833A700D5E102 /* TodoItemModel.swift */; };
		D227FC2023A99EDD00D5E102 /* TodoData.xcdatamodeld in Sources */ = {isa = PBXBuildFile; fileRef = D227FC1E23A99EDD00D5E102 /* TodoData.xcdatamodeld */; };
		D227FC2223AC43B100D5E102 /* CategoryViewController.swift in Sources */ = {isa = PBXBuildFile; fileRef = D227FC2123AC43B100D5E102 /* CategoryViewController.swift */; };
		D227FC2423B15D0A00D5E102 /* Data.swift in Sources */ = {isa = PBXBuildFile; fileRef = D227FC2323B15D0A00D5E102 /* Data.swift */; };
/* End PBXBuildFile section */

/* Begin PBXFileReference section */
		1348F511FFE4C395EE260CC8 /* Pods_Todoey.framework */ = {isa = PBXFileReference; explicitFileType = wrapper.framework; includeInIndex = 0; path = Pods_Todoey.framework; sourceTree = BUILT_PRODUCTS_DIR; };
		13A2468F1E7343CDE58EF351 /* Pods-Todoey.release.xcconfig */ = {isa = PBXFileReference; includeInIndex = 1; lastKnownFileType = text.xcconfig; name = "Pods-Todoey.release.xcconfig"; path = "Pods/Target Support Files/Pods-Todoey/Pods-Todoey.release.xcconfig"; sourceTree = "<group>"; };
		D227FBE323A80D3D00D5E102 /* Todoey.app */ = {isa = PBXFileReference; explicitFileType = wrapper.application; includeInIndex = 0; path = Todoey.app; sourceTree = BUILT_PRODUCTS_DIR; };
		D227FBE623A80D3D00D5E102 /* AppDelegate.swift */ = {isa = PBXFileReference; lastKnownFileType = sourcecode.swift; path = AppDelegate.swift; sourceTree = "<group>"; };
		D227FBE823A80D3D00D5E102 /* TodoeyListController.swift */ = {isa = PBXFileReference; lastKnownFileType = sourcecode.swift; path = TodoeyListController.swift; sourceTree = "<group>"; };
		D227FBEB23A80D3D00D5E102 /* Base */ = {isa = PBXFileReference; lastKnownFileType = file.storyboard; name = Base; path = Base.lproj/Main.storyboard; sourceTree = "<group>"; };
		D227FBED23A80D3F00D5E102 /* Assets.xcassets */ = {isa = PBXFileReference; lastKnownFileType = folder.assetcatalog; path = Assets.xcassets; sourceTree = "<group>"; };
		D227FBF023A80D3F00D5E102 /* Base */ = {isa = PBXFileReference; lastKnownFileType = file.storyboard; name = Base; path = Base.lproj/LaunchScreen.storyboard; sourceTree = "<group>"; };
		D227FBF223A80D3F00D5E102 /* Info.plist */ = {isa = PBXFileReference; lastKnownFileType = text.plist.xml; path = Info.plist; sourceTree = "<group>"; };
		D227FBFB23A833A700D5E102 /* TodoItemModel.swift */ = {isa = PBXFileReference; lastKnownFileType = sourcecode.swift; path = TodoItemModel.swift; sourceTree = "<group>"; };
		D227FC1F23A99EDD00D5E102 /* TodoData.xcdatamodel */ = {isa = PBXFileReference; lastKnownFileType = wrapper.xcdatamodel; path = TodoData.xcdatamodel; sourceTree = "<group>"; };
		D227FC2123AC43B100D5E102 /* CategoryViewController.swift */ = {isa = PBXFileReference; lastKnownFileType = sourcecode.swift; path = CategoryViewController.swift; sourceTree = "<group>"; };
		D227FC2323B15D0A00D5E102 /* Data.swift */ = {isa = PBXFileReference; lastKnownFileType = sourcecode.swift; path = Data.swift; sourceTree = "<group>"; };
		E410CF372B82CB9305184AFA /* Pods-Todoey.debug.xcconfig */ = {isa = PBXFileReference; includeInIndex = 1; lastKnownFileType = text.xcconfig; name = "Pods-Todoey.debug.xcconfig"; path = "Pods/Target Support Files/Pods-Todoey/Pods-Todoey.debug.xcconfig"; sourceTree = "<group>"; };
/* End PBXFileReference section */

/* Begin PBXFrameworksBuildPhase section */
		D227FBE023A80D3D00D5E102 /* Frameworks */ = {
			isa = PBXFrameworksBuildPhase;
			buildActionMask = 2147483647;
			files = (
				2D4D37496647C38BC3412FAD /* Pods_Todoey.framework in Frameworks */,
			);
			runOnlyForDeploymentPostprocessing = 0;
		};
/* End PBXFrameworksBuildPhase section */

/* Begin PBXGroup section */
		867CAD4F84AF44B030825D25 /* Pods */ = {
			isa = PBXGroup;
			children = (
				E410CF372B82CB9305184AFA /* Pods-Todoey.debug.xcconfig */,
				13A2468F1E7343CDE58EF351 /* Pods-Todoey.release.xcconfig */,
			);
			name = Pods;
			sourceTree = "<group>";
		};
		930DAE8804742EA217C631AA /* Frameworks */ = {
			isa = PBXGroup;
			children = (
				1348F511FFE4C395EE260CC8 /* Pods_Todoey.framework */,
			);
			name = Frameworks;
			sourceTree = "<group>";
		};
		D227FBDA23A80D3D00D5E102 = {
			isa = PBXGroup;
			children = (
				D227FBE523A80D3D00D5E102 /* Todoey */,
				D227FBE423A80D3D00D5E102 /* Products */,
				867CAD4F84AF44B030825D25 /* Pods */,
				930DAE8804742EA217C631AA /* Frameworks */,
			);
			sourceTree = "<group>";
		};
		D227FBE423A80D3D00D5E102 /* Products */ = {
			isa = PBXGroup;
			children = (
				D227FBE323A80D3D00D5E102 /* Todoey.app */,
			);
			name = Products;
			sourceTree = "<group>";
		};
		D227FBE523A80D3D00D5E102 /* Todoey */ = {
			isa = PBXGroup;
			children = (
				D227FBFA23A80DA600D5E102 /* Controller */,
				D227FBF923A80D9200D5E102 /* Model */,
				D227FBF823A80D6300D5E102 /* view */,
				D227FBED23A80D3F00D5E102 /* Assets.xcassets */,
				D227FBF223A80D3F00D5E102 /* Info.plist */,
			);
			path = Todoey;
			sourceTree = "<group>";
		};
		D227FBF823A80D6300D5E102 /* view */ = {
			isa = PBXGroup;
			children = (
				D227FBEA23A80D3D00D5E102 /* Main.storyboard */,
				D227FBEF23A80D3F00D5E102 /* LaunchScreen.storyboard */,
			);
			path = view;
			sourceTree = "<group>";
		};
		D227FBF923A80D9200D5E102 /* Model */ = {
			isa = PBXGroup;
			children = (
				D227FBFB23A833A700D5E102 /* TodoItemModel.swift */,
				D227FC1E23A99EDD00D5E102 /* TodoData.xcdatamodeld */,
				D227FC2323B15D0A00D5E102 /* Data.swift */,
			);
			path = Model;
			sourceTree = "<group>";
		};
		D227FBFA23A80DA600D5E102 /* Controller */ = {
			isa = PBXGroup;
			children = (
				D227FBE623A80D3D00D5E102 /* AppDelegate.swift */,
				D227FBE823A80D3D00D5E102 /* TodoeyListController.swift */,
				D227FC2123AC43B100D5E102 /* CategoryViewController.swift */,
			);
			path = Controller;
			sourceTree = "<group>";
		};
/* End PBXGroup section */

/* Begin PBXNativeTarget section */
		D227FBE223A80D3D00D5E102 /* Todoey */ = {
			isa = PBXNativeTarget;
			buildConfigurationList = D227FBF523A80D3F00D5E102 /* Build configuration list for PBXNativeTarget "Todoey" */;
			buildPhases = (
				115C6CDE33700861882F737F /* [CP] Check Pods Manifest.lock */,
				D227FBDF23A80D3D00D5E102 /* Sources */,
				D227FBE023A80D3D00D5E102 /* Frameworks */,
				D227FBE123A80D3D00D5E102 /* Resources */,
				70A5EC25809C04C2092D0114 /* [CP] Embed Pods Frameworks */,
			);
			buildRules = (
			);
			dependencies = (
			);
			name = Todoey;
			productName = Todoey;
			productReference = D227FBE323A80D3D00D5E102 /* Todoey.app */;
			productType = "com.apple.product-type.application";
		};
/* End PBXNativeTarget section */

/* Begin PBXProject section */
		D227FBDB23A80D3D00D5E102 /* Project object */ = {
			isa = PBXProject;
			attributes = {
				LastSwiftUpdateCheck = 0940;
				LastUpgradeCheck = 0940;
				ORGANIZATIONNAME = sayali;
				TargetAttributes = {
					D227FBE223A80D3D00D5E102 = {
						CreatedOnToolsVersion = 9.4.1;
					};
				};
			};
			buildConfigurationList = D227FBDE23A80D3D00D5E102 /* Build configuration list for PBXProject "Todoey" */;
			compatibilityVersion = "Xcode 9.3";
			developmentRegion = en;
			hasScannedForEncodings = 0;
			knownRegions = (
				en,
				Base,
			);
			mainGroup = D227FBDA23A80D3D00D5E102;
			productRefGroup = D227FBE423A80D3D00D5E102 /* Products */;
			projectDirPath = "";
			projectRoot = "";
			targets = (
				D227FBE223A80D3D00D5E102 /* Todoey */,
			);
		};
/* End PBXProject section */

/* Begin PBXResourcesBuildPhase section */
		D227FBE123A80D3D00D5E102 /* Resources */ = {
			isa = PBXResourcesBuildPhase;
			buildActionMask = 2147483647;
			files = (
				D227FBF123A80D3F00D5E102 /* LaunchScreen.storyboard in Resources */,
				D227FBEE23A80D3F00D5E102 /* Assets.xcassets in Resources */,
				D227FBEC23A80D3D00D5E102 /* Main.storyboard in Resources */,
			);
			runOnlyForDeploymentPostprocessing = 0;
		};
/* End PBXResourcesBuildPhase section */

/* Begin PBXShellScriptBuildPhase section */
		115C6CDE33700861882F737F /* [CP] Check Pods Manifest.lock */ = {
			isa = PBXShellScriptBuildPhase;
			buildActionMask = 2147483647;
			files = (
			);
			inputPaths = (
				"${PODS_PODFILE_DIR_PATH}/Podfile.lock",
				"${PODS_ROOT}/Manifest.lock",
			);
			name = "[CP] Check Pods Manifest.lock";
			outputPaths = (
				"$(DERIVED_FILE_DIR)/Pods-Todoey-checkManifestLockResult.txt",
			);
			runOnlyForDeploymentPostprocessing = 0;
			shellPath = /bin/sh;
			shellScript = "diff \"${PODS_PODFILE_DIR_PATH}/Podfile.lock\" \"${PODS_ROOT}/Manifest.lock\" > /dev/null\nif [ $? != 0 ] ; then\n    # print error to STDERR\n    echo \"error: The sandbox is not in sync with the Podfile.lock. Run 'pod install' or update your CocoaPods installation.\" >&2\n    exit 1\nfi\n# This output is used by Xcode 'outputs' to avoid re-running this script phase.\necho \"SUCCESS\" > \"${SCRIPT_OUTPUT_FILE_0}\"\n";
			showEnvVarsInLog = 0;
		};
		70A5EC25809C04C2092D0114 /* [CP] Embed Pods Frameworks */ = {
			isa = PBXShellScriptBuildPhase;
			buildActionMask = 2147483647;
			files = (
			);
			inputPaths = (
				"${SRCROOT}/Pods/Target Support Files/Pods-Todoey/Pods-Todoey-frameworks.sh",
				"${BUILT_PRODUCTS_DIR}/Realm/Realm.framework",
				"${BUILT_PRODUCTS_DIR}/RealmSwift/RealmSwift.framework",
			);
			name = "[CP] Embed Pods Frameworks";
			outputPaths = (
				"${TARGET_BUILD_DIR}/${FRAMEWORKS_FOLDER_PATH}/Realm.framework",
				"${TARGET_BUILD_DIR}/${FRAMEWORKS_FOLDER_PATH}/RealmSwift.framework",
			);
			runOnlyForDeploymentPostprocessing = 0;
			shellPath = /bin/sh;
			shellScript = "\"${SRCROOT}/Pods/Target Support Files/Pods-Todoey/Pods-Todoey-frameworks.sh\"\n";
			showEnvVarsInLog = 0;
		};
/* End PBXShellScriptBuildPhase section */

/* Begin PBXSourcesBuildPhase section */
		D227FBDF23A80D3D00D5E102 /* Sources */ = {
			isa = PBXSourcesBuildPhase;
			buildActionMask = 2147483647;
			files = (
				D227FC2223AC43B100D5E102 /* CategoryViewController.swift in Sources */,
				D227FC2423B15D0A00D5E102 /* Data.swift in Sources */,
				D227FBE923A80D3D00D5E102 /* TodoeyListController.swift in Sources */,
				D227FC2023A99EDD00D5E102 /* TodoData.xcdatamodeld in Sources */,
				D227FBE723A80D3D00D5E102 /* AppDelegate.swift in Sources */,
				D227FBFC23A833A700D5E102 /* TodoItemModel.swift in Sources */,
			);
			runOnlyForDeploymentPostprocessing = 0;
		};
/* End PBXSourcesBuildPhase section */

/* Begin PBXVariantGroup section */
		D227FBEA23A80D3D00D5E102 /* Main.storyboard */ = {
			isa = PBXVariantGroup;
			children = (
				D227FBEB23A80D3D00D5E102 /* Base */,
			);
			name = Main.storyboard;
			sourceTree = "<group>";
		};
		D227FBEF23A80D3F00D5E102 /* LaunchScreen.storyboard */ = {
			isa = PBXVariantGroup;
			children = (
				D227FBF023A80D3F00D5E102 /* Base */,
			);
			name = LaunchScreen.storyboard;
			sourceTree = "<group>";
		};
/* End PBXVariantGroup section */

/* Begin XCBuildConfiguration section */
		D227FBF323A80D3F00D5E102 /* Debug */ = {
			isa = XCBuildConfiguration;
			buildSettings = {
				ALWAYS_SEARCH_USER_PATHS = NO;
				CLANG_ANALYZER_NONNULL = YES;
				CLANG_ANALYZER_NUMBER_OBJECT_CONVERSION = YES_AGGRESSIVE;
				CLANG_CXX_LANGUAGE_STANDARD = "gnu++14";
				CLANG_CXX_LIBRARY = "libc++";
				CLANG_ENABLE_MODULES = YES;
				CLANG_ENABLE_OBJC_ARC = YES;
				CLANG_ENABLE_OBJC_WEAK = YES;
				CLANG_WARN_BLOCK_CAPTURE_AUTORELEASING = YES;
				CLANG_WARN_BOOL_CONVERSION = YES;
				CLANG_WARN_COMMA = YES;
				CLANG_WARN_CONSTANT_CONVERSION = YES;
				CLANG_WARN_DEPRECATED_OBJC_IMPLEMENTATIONS = YES;
				CLANG_WARN_DIRECT_OBJC_ISA_USAGE = YES_ERROR;
				CLANG_WARN_DOCUMENTATION_COMMENTS = YES;
				CLANG_WARN_EMPTY_BODY = YES;
				CLANG_WARN_ENUM_CONVERSION = YES;
				CLANG_WARN_INFINITE_RECURSION = YES;
				CLANG_WARN_INT_CONVERSION = YES;
				CLANG_WARN_NON_LITERAL_NULL_CONVERSION = YES;
				CLANG_WARN_OBJC_IMPLICIT_RETAIN_SELF = YES;
				CLANG_WARN_OBJC_LITERAL_CONVERSION = YES;
				CLANG_WARN_OBJC_ROOT_CLASS = YES_ERROR;
				CLANG_WARN_RANGE_LOOP_ANALYSIS = YES;
				CLANG_WARN_STRICT_PROTOTYPES = YES;
				CLANG_WARN_SUSPICIOUS_MOVE = YES;
				CLANG_WARN_UNGUARDED_AVAILABILITY = YES_AGGRESSIVE;
				CLANG_WARN_UNREACHABLE_CODE = YES;
				CLANG_WARN__DUPLICATE_METHOD_MATCH = YES;
				CODE_SIGN_IDENTITY = "iPhone Developer";
				COPY_PHASE_STRIP = NO;
				DEBUG_INFORMATION_FORMAT = dwarf;
				ENABLE_STRICT_OBJC_MSGSEND = YES;
				ENABLE_TESTABILITY = YES;
				GCC_C_LANGUAGE_STANDARD = gnu11;
				GCC_DYNAMIC_NO_PIC = NO;
				GCC_NO_COMMON_BLOCKS = YES;
				GCC_OPTIMIZATION_LEVEL = 0;
				GCC_PREPROCESSOR_DEFINITIONS = (
					"DEBUG=1",
					"$(inherited)",
				);
				GCC_WARN_64_TO_32_BIT_CONVERSION = YES;
				GCC_WARN_ABOUT_RETURN_TYPE = YES_ERROR;
				GCC_WARN_UNDECLARED_SELECTOR = YES;
				GCC_WARN_UNINITIALIZED_AUTOS = YES_AGGRESSIVE;
				GCC_WARN_UNUSED_FUNCTION = YES;
				GCC_WARN_UNUSED_VARIABLE = YES;
				IPHONEOS_DEPLOYMENT_TARGET = 11.4;
				MTL_ENABLE_DEBUG_INFO = YES;
				ONLY_ACTIVE_ARCH = YES;
				SDKROOT = iphoneos;
				SWIFT_ACTIVE_COMPILATION_CONDITIONS = DEBUG;
				SWIFT_OPTIMIZATION_LEVEL = "-Onone";
			};
			name = Debug;
		};
		D227FBF423A80D3F00D5E102 /* Release */ = {
			isa = XCBuildConfiguration;
			buildSettings = {
				ALWAYS_SEARCH_USER_PATHS = NO;
				CLANG_ANALYZER_NONNULL = YES;
				CLANG_ANALYZER_NUMBER_OBJECT_CONVERSION = YES_AGGRESSIVE;
				CLANG_CXX_LANGUAGE_STANDARD = "gnu++14";
				CLANG_CXX_LIBRARY = "libc++";
				CLANG_ENABLE_MODULES = YES;
				CLANG_ENABLE_OBJC_ARC = YES;
				CLANG_ENABLE_OBJC_WEAK = YES;
				CLANG_WARN_BLOCK_CAPTURE_AUTORELEASING = YES;
				CLANG_WARN_BOOL_CONVERSION = YES;
				CLANG_WARN_COMMA = YES;
				CLANG_WARN_CONSTANT_CONVERSION = YES;
				CLANG_WARN_DEPRECATED_OBJC_IMPLEMENTATIONS = YES;
				CLANG_WARN_DIRECT_OBJC_ISA_USAGE = YES_ERROR;
				CLANG_WARN_DOCUMENTATION_COMMENTS = YES;
				CLANG_WARN_EMPTY_BODY = YES;
				CLANG_WARN_ENUM_CONVERSION = YES;
				CLANG_WARN_INFINITE_RECURSION = YES;
				CLANG_WARN_INT_CONVERSION = YES;
				CLANG_WARN_NON_LITERAL_NULL_CONVERSION = YES;
				CLANG_WARN_OBJC_IMPLICIT_RETAIN_SELF = YES;
				CLANG_WARN_OBJC_LITERAL_CONVERSION = YES;
				CLANG_WARN_OBJC_ROOT_CLASS = YES_ERROR;
				CLANG_WARN_RANGE_LOOP_ANALYSIS = YES;
				CLANG_WARN_STRICT_PROTOTYPES = YES;
				CLANG_WARN_SUSPICIOUS_MOVE = YES;
				CLANG_WARN_UNGUARDED_AVAILABILITY = YES_AGGRESSIVE;
				CLANG_WARN_UNREACHABLE_CODE = YES;
				CLANG_WARN__DUPLICATE_METHOD_MATCH = YES;
				CODE_SIGN_IDENTITY = "iPhone Developer";
				COPY_PHASE_STRIP = NO;
				DEBUG_INFORMATION_FORMAT = "dwarf-with-dsym";
				ENABLE_NS_ASSERTIONS = NO;
				ENABLE_STRICT_OBJC_MSGSEND = YES;
				GCC_C_LANGUAGE_STANDARD = gnu11;
				GCC_NO_COMMON_BLOCKS = YES;
				GCC_WARN_64_TO_32_BIT_CONVERSION = YES;
				GCC_WARN_ABOUT_RETURN_TYPE = YES_ERROR;
				GCC_WARN_UNDECLARED_SELECTOR = YES;
				GCC_WARN_UNINITIALIZED_AUTOS = YES_AGGRESSIVE;
				GCC_WARN_UNUSED_FUNCTION = YES;
				GCC_WARN_UNUSED_VARIABLE = YES;
				IPHONEOS_DEPLOYMENT_TARGET = 11.4;
				MTL_ENABLE_DEBUG_INFO = NO;
				SDKROOT = iphoneos;
				SWIFT_COMPILATION_MODE = wholemodule;
				SWIFT_OPTIMIZATION_LEVEL = "-O";
				VALIDATE_PRODUCT = YES;
			};
			name = Release;
		};
		D227FBF623A80D3F00D5E102 /* Debug */ = {
			isa = XCBuildConfiguration;
			baseConfigurationReference = E410CF372B82CB9305184AFA /* Pods-Todoey.debug.xcconfig */;
			buildSettings = {
				ASSETCATALOG_COMPILER_APPICON_NAME = AppIcon;
				CODE_SIGN_STYLE = Automatic;
				DEVELOPMENT_TEAM = BZU4XN53Y3;
				INFOPLIST_FILE = Todoey/Info.plist;
				LD_RUNPATH_SEARCH_PATHS = (
					"$(inherited)",
					"@executable_path/Frameworks",
				);
				PRODUCT_BUNDLE_IDENTIFIER = sayali.Todoey;
				PRODUCT_NAME = "$(TARGET_NAME)";
				SWIFT_VERSION = 4.0;
				TARGETED_DEVICE_FAMILY = "1,2";
			};
			name = Debug;
		};
		D227FBF723A80D3F00D5E102 /* Release */ = {
			isa = XCBuildConfiguration;
			baseConfigurationReference = 13A2468F1E7343CDE58EF351 /* Pods-Todoey.release.xcconfig */;
			buildSettings = {
				ASSETCATALOG_COMPILER_APPICON_NAME = AppIcon;
				CODE_SIGN_STYLE = Automatic;
				DEVELOPMENT_TEAM = BZU4XN53Y3;
				INFOPLIST_FILE = Todoey/Info.plist;
				LD_RUNPATH_SEARCH_PATHS = (
					"$(inherited)",
					"@executable_path/Frameworks",
				);
				PRODUCT_BUNDLE_IDENTIFIER = sayali.Todoey;
				PRODUCT_NAME = "$(TARGET_NAME)";
				SWIFT_VERSION = 4.0;
				TARGETED_DEVICE_FAMILY = "1,2";
			};
			name = Release;
		};
/* End XCBuildConfiguration section */

/* Begin XCConfigurationList section */
		D227FBDE23A80D3D00D5E102 /* Build configuration list for PBXProject "Todoey" */ = {
			isa = XCConfigurationList;
			buildConfigurations = (
				D227FBF323A80D3F00D5E102 /* Debug */,
				D227FBF423A80D3F00D5E102 /* Release */,
			);
			defaultConfigurationIsVisible = 0;
			defaultConfigurationName = Release;
		};
		D227FBF523A80D3F00D5E102 /* Build configuration list for PBXNativeTarget "Todoey" */ = {
			isa = XCConfigurationList;
			buildConfigurations = (
				D227FBF623A80D3F00D5E102 /* Debug */,
				D227FBF723A80D3F00D5E102 /* Release */,
			);
			defaultConfigurationIsVisible = 0;
			defaultConfigurationName = Release;
		};
/* End XCConfigurationList section */

/* Begin XCVersionGroup section */
		D227FC1E23A99EDD00D5E102 /* TodoData.xcdatamodeld */ = {
			isa = XCVersionGroup;
			children = (
				D227FC1F23A99EDD00D5E102 /* TodoData.xcdatamodel */,
			);
			currentVersion = D227FC1F23A99EDD00D5E102 /* TodoData.xcdatamodel */;
			path = TodoData.xcdatamodeld;
			sourceTree = "<group>";
			versionGroupType = wrapper.xcdatamodel;
		};
/* End XCVersionGroup section */
	};
	rootObject = D227FBDB23A80D3D00D5E102 /* Project object */;
}
